
Microsoft Visual Studio Solution File, Format Version 12.00
# Visual Studio Version 17
VisualStudioVersion = 17.14.36121.58 d17.14
MinimumVisualStudioVersion = 10.0.40219.1
Project("{FAE04EC0-301F-11D3-BF4B-00C04F79EFBC}") = "SimpleApiLambda", "SimpleApiLambda\SimpleApiLambda.csproj", "{7458CF0F-4245-4840-8C58-93CE9B7A26D7}"
EndProject
Global
	GlobalSection(SolutionConfigurationPlatforms) = preSolution
		Debug|Any CPU = Debug|Any CPU
		Release|Any CPU = Release|Any CPU
	EndGlobalSection
	GlobalSection(ProjectConfigurationPlatforms) = postSolution
		{7458CF0F-4245-4840-8C58-93CE9B7A26D7}.Debug|Any CPU.ActiveCfg = Debug|Any CPU
		{7458CF0F-4245-4840-8C58-93CE9B7A26D7}.Debug|Any CPU.Build.0 = Debug|Any CPU
		{7458CF0F-4245-4840-8C58-93CE9B7A26D7}.Release|Any CPU.ActiveCfg = Release|Any CPU
		{7458CF0F-4245-4840-8C58-93CE9B7A26D7}.Release|Any CPU.Build.0 = Release|Any CPU
	EndGlobalSection
	GlobalSection(SolutionProperties) = preSolution
		HideSolutionNode = FALSE
	EndGlobalSection
	GlobalSection(ExtensibilityGlobals) = postSolution
		SolutionGuid = {3E39859A-1DBF-4198-A50A-EBDD37FA3C93}
	EndGlobalSection
EndGlobal
